
Microsoft Visual Studio Solution File, Format Version 12.00
# Visual Studio 15
VisualStudioVersion = 15.0.28010.2050
MinimumVisualStudioVersion = 10.0.40219.1
Project("{9A19103F-16F7-4668-BE54-9A1E7A4F7556}") = "BusinessAccessLayer", "..\BusinessAccessLayer\BusinessAccessLayer.csproj", "{6B492DAC-60D2-4D71-8DAD-7F00630874DA}"
EndProject
Project("{9A19103F-16F7-4668-BE54-9A1E7A4F7556}") = "DataAccessLayer", "..\DataAccessLayer\DataAccessLayer.csproj", "{EDB5D9C3-17F3-47B4-8ED0-9140CC01EA0D}"
EndProject
Project("{9A19103F-16F7-4668-BE54-9A1E7A4F7556}") = "BusinessServiceXUnitTests", "..\XUnitTestProject1\BusinessServiceXUnitTests.csproj", "{2668C0A7-76D9-438E-AD0A-94FA5A9D3E88}"
EndProject
Project("{9A19103F-16F7-4668-BE54-9A1E7A4F7556}") = "WebApi", "..\WebApi\WebApi.csproj", "{730425A4-114D-434C-A8A7-C80AE8F5EA08}"
EndProject
Project("{9A19103F-16F7-4668-BE54-9A1E7A4F7556}") = "Models", "..\Models\Models.csproj", "{41A6CB64-D84A-45A7-ABCA-3E8AEF5E1A87}"
EndProject
Global
	GlobalSection(SolutionConfigurationPlatforms) = preSolution
		Debug|Any CPU = Debug|Any CPU
		Release|Any CPU = Release|Any CPU
	EndGlobalSection
	GlobalSection(ProjectConfigurationPlatforms) = postSolution
		{6B492DAC-60D2-4D71-8DAD-7F00630874DA}.Debug|Any CPU.ActiveCfg = Debug|Any CPU
		{6B492DAC-60D2-4D71-8DAD-7F00630874DA}.Debug|Any CPU.Build.0 = Debug|Any CPU
		{6B492DAC-60D2-4D71-8DAD-7F00630874DA}.Release|Any CPU.ActiveCfg = Release|Any CPU
		{6B492DAC-60D2-4D71-8DAD-7F00630874DA}.Release|Any CPU.Build.0 = Release|Any CPU
		{EDB5D9C3-17F3-47B4-8ED0-9140CC01EA0D}.Debug|Any CPU.ActiveCfg = Debug|Any CPU
		{EDB5D9C3-17F3-47B4-8ED0-9140CC01EA0D}.Debug|Any CPU.Build.0 = Debug|Any CPU
		{EDB5D9C3-17F3-47B4-8ED0-9140CC01EA0D}.Release|Any CPU.ActiveCfg = Release|Any CPU
		{EDB5D9C3-17F3-47B4-8ED0-9140CC01EA0D}.Release|Any CPU.Build.0 = Release|Any CPU
		{2668C0A7-76D9-438E-AD0A-94FA5A9D3E88}.Debug|Any CPU.ActiveCfg = Debug|Any CPU
		{2668C0A7-76D9-438E-AD0A-94FA5A9D3E88}.Debug|Any CPU.Build.0 = Debug|Any CPU
		{2668C0A7-76D9-438E-AD0A-94FA5A9D3E88}.Release|Any CPU.ActiveCfg = Release|Any CPU
		{2668C0A7-76D9-438E-AD0A-94FA5A9D3E88}.Release|Any CPU.Build.0 = Release|Any CPU
		{730425A4-114D-434C-A8A7-C80AE8F5EA08}.Debug|Any CPU.ActiveCfg = Debug|Any CPU
		{730425A4-114D-434C-A8A7-C80AE8F5EA08}.Debug|Any CPU.Build.0 = Debug|Any CPU
		{730425A4-114D-434C-A8A7-C80AE8F5EA08}.Release|Any CPU.ActiveCfg = Release|Any CPU
		{730425A4-114D-434C-A8A7-C80AE8F5EA08}.Release|Any CPU.Build.0 = Release|Any CPU
		{41A6CB64-D84A-45A7-ABCA-3E8AEF5E1A87}.Debug|Any CPU.ActiveCfg = Debug|Any CPU
		{41A6CB64-D84A-45A7-ABCA-3E8AEF5E1A87}.Debug|Any CPU.Build.0 = Debug|Any CPU
		{41A6CB64-D84A-45A7-ABCA-3E8AEF5E1A87}.Release|Any CPU.ActiveCfg = Release|Any CPU
		{41A6CB64-D84A-45A7-ABCA-3E8AEF5E1A87}.Release|Any CPU.Build.0 = Release|Any CPU
	EndGlobalSection
	GlobalSection(SolutionProperties) = preSolution
		HideSolutionNode = FALSE
	EndGlobalSection
	GlobalSection(ExtensibilityGlobals) = postSolution
		SolutionGuid = {E361E8CB-8366-4209-99BF-07AAA0C1E9C6}
	EndGlobalSection
EndGlobal
