
Microsoft Visual Studio Solution File, Format Version 12.00
# Visual Studio 15
VisualStudioVersion = 15.0.28307.168
MinimumVisualStudioVersion = 10.0.40219.1
Project("{9A19103F-16F7-4668-BE54-9A1E7A4F7556}") = "WebApi", "..\WebApi\WebApi.csproj", "{D7651C25-12AD-48C0-BD39-48551031874D}"
EndProject
Project("{9A19103F-16F7-4668-BE54-9A1E7A4F7556}") = "DataAccessLayer", "..\DataAccessLayer\DataAccessLayer.csproj", "{C85B8024-8218-462C-803F-8589E21CAB20}"
EndProject
Project("{9A19103F-16F7-4668-BE54-9A1E7A4F7556}") = "BusinessAccessLayer", "..\BusinessAccessLayer\BusinessAccessLayer.csproj", "{12AA25DA-AF98-4631-B29D-538571FF8767}"
EndProject
Project("{9A19103F-16F7-4668-BE54-9A1E7A4F7556}") = "BusinessServiceXUnitTests", "..\XUnitTestProject1\BusinessServiceXUnitTests.csproj", "{5C9C4EF2-6FEE-4D95-91DE-361AEDEF7C7C}"
EndProject
Project("{9A19103F-16F7-4668-BE54-9A1E7A4F7556}") = "Models", "..\Models\Models.csproj", "{45BFB6A8-00B3-4388-8650-DE6F3ED28485}"
EndProject
Project("{FAE04EC0-301F-11D3-BF4B-00C04F79EFBC}") = "BookingServiceUnitTests", "..\BusinessServiceUnitTests\BookingServiceUnitTests.csproj", "{7DD9C120-5823-4215-A788-DC50628E1E95}"
EndProject
Project("{FAE04EC0-301F-11D3-BF4B-00C04F79EFBC}") = "HotelReservation", "..\HotelReservation\HotelReservation.csproj", "{45ED449C-28C5-4C99-BBC3-63A9C5468025}"
EndProject
Global
	GlobalSection(SolutionConfigurationPlatforms) = preSolution
		Debug|Any CPU = Debug|Any CPU
		Release|Any CPU = Release|Any CPU
	EndGlobalSection
	GlobalSection(ProjectConfigurationPlatforms) = postSolution
		{D7651C25-12AD-48C0-BD39-48551031874D}.Debug|Any CPU.ActiveCfg = Debug|Any CPU
		{D7651C25-12AD-48C0-BD39-48551031874D}.Debug|Any CPU.Build.0 = Debug|Any CPU
		{D7651C25-12AD-48C0-BD39-48551031874D}.Release|Any CPU.ActiveCfg = Release|Any CPU
		{D7651C25-12AD-48C0-BD39-48551031874D}.Release|Any CPU.Build.0 = Release|Any CPU
		{C85B8024-8218-462C-803F-8589E21CAB20}.Debug|Any CPU.ActiveCfg = Debug|Any CPU
		{C85B8024-8218-462C-803F-8589E21CAB20}.Debug|Any CPU.Build.0 = Debug|Any CPU
		{C85B8024-8218-462C-803F-8589E21CAB20}.Release|Any CPU.ActiveCfg = Release|Any CPU
		{C85B8024-8218-462C-803F-8589E21CAB20}.Release|Any CPU.Build.0 = Release|Any CPU
		{12AA25DA-AF98-4631-B29D-538571FF8767}.Debug|Any CPU.ActiveCfg = Debug|Any CPU
		{12AA25DA-AF98-4631-B29D-538571FF8767}.Debug|Any CPU.Build.0 = Debug|Any CPU
		{12AA25DA-AF98-4631-B29D-538571FF8767}.Release|Any CPU.ActiveCfg = Release|Any CPU
		{12AA25DA-AF98-4631-B29D-538571FF8767}.Release|Any CPU.Build.0 = Release|Any CPU
		{5C9C4EF2-6FEE-4D95-91DE-361AEDEF7C7C}.Debug|Any CPU.ActiveCfg = Debug|Any CPU
		{5C9C4EF2-6FEE-4D95-91DE-361AEDEF7C7C}.Debug|Any CPU.Build.0 = Debug|Any CPU
		{5C9C4EF2-6FEE-4D95-91DE-361AEDEF7C7C}.Release|Any CPU.ActiveCfg = Release|Any CPU
		{5C9C4EF2-6FEE-4D95-91DE-361AEDEF7C7C}.Release|Any CPU.Build.0 = Release|Any CPU
		{45BFB6A8-00B3-4388-8650-DE6F3ED28485}.Debug|Any CPU.ActiveCfg = Debug|Any CPU
		{45BFB6A8-00B3-4388-8650-DE6F3ED28485}.Debug|Any CPU.Build.0 = Debug|Any CPU
		{45BFB6A8-00B3-4388-8650-DE6F3ED28485}.Release|Any CPU.ActiveCfg = Release|Any CPU
		{45BFB6A8-00B3-4388-8650-DE6F3ED28485}.Release|Any CPU.Build.0 = Release|Any CPU
		{7DD9C120-5823-4215-A788-DC50628E1E95}.Debug|Any CPU.ActiveCfg = Debug|Any CPU
		{7DD9C120-5823-4215-A788-DC50628E1E95}.Debug|Any CPU.Build.0 = Debug|Any CPU
		{7DD9C120-5823-4215-A788-DC50628E1E95}.Release|Any CPU.ActiveCfg = Release|Any CPU
		{7DD9C120-5823-4215-A788-DC50628E1E95}.Release|Any CPU.Build.0 = Release|Any CPU
		{45ED449C-28C5-4C99-BBC3-63A9C5468025}.Debug|Any CPU.ActiveCfg = Debug|Any CPU
		{45ED449C-28C5-4C99-BBC3-63A9C5468025}.Debug|Any CPU.Build.0 = Debug|Any CPU
		{45ED449C-28C5-4C99-BBC3-63A9C5468025}.Release|Any CPU.ActiveCfg = Release|Any CPU
		{45ED449C-28C5-4C99-BBC3-63A9C5468025}.Release|Any CPU.Build.0 = Release|Any CPU
	EndGlobalSection
	GlobalSection(SolutionProperties) = preSolution
		HideSolutionNode = FALSE
	EndGlobalSection
	GlobalSection(ExtensibilityGlobals) = postSolution
		SolutionGuid = {B5DECB74-9C9A-437C-80F0-354E23218CD5}
	EndGlobalSection
EndGlobal
